<?xml version="1.0" encoding="utf-8"?>
<Project ToolsVersion="4.0" xmlns="http://schemas.microsoft.com/developer/msbuild/2003">
  <ItemGroup>
    <Filter Include="소스 파일">
      <UniqueIdentifier>{4FC737F1-C7A5-4376-A066-2A32D752A2FF}</UniqueIdentifier>
      <Extensions>cpp;c;cc;cxx;def;odl;idl;hpj;bat;asm;asmx</Extensions>
    </Filter>
    <Filter Include="헤더 파일">
      <UniqueIdentifier>{93995380-89BD-4b04-88EB-625FBE52EBFB}</UniqueIdentifier>
      <Extensions>h;hpp;hxx;hm;inl;inc;xsd</Extensions>
    </Filter>
    <Filter Include="리소스 파일">
      <UniqueIdentifier>{67DA6AB6-F800-4c08-8B7A-83BB121AAD01}</UniqueIdentifier>
      <Extensions>rc;ico;cur;bmp;dlg;rc2;rct;bin;rgs;gif;jpg;jpeg;jpe;resx;tiff;tif;png;wav</Extensions>
    </Filter>
    <Filter Include="Log">
      <UniqueIdentifier>{98f5c58d-2460-4ba6-a343-03156a7553c6}</UniqueIdentifier>
    </Filter>
    <Filter Include="DarkTools">
      <UniqueIdentifier>{4e2b4ee1-cce2-465e-8b22-0506e4b7547c}</UniqueIdentifier>
    </Filter>
  </ItemGroup>
  <ItemGroup>
    <ClCompile Include="Functions.cpp">
      <Filter>소스 파일</Filter>
    </ClCompile>
    <ClCompile Include="GetCallFrom.cpp">
      <Filter>소스 파일</Filter>
    </ClCompile>
    <ClCompile Include="Hooks.cpp">
      <Filter>소스 파일</Filter>
    </ClCompile>
    <ClCompile Include="main.cpp">
      <Filter>소스 파일</Filter>
    </ClCompile>
    <ClCompile Include="sockhook.cpp">
      <Filter>소스 파일</Filter>
    </ClCompile>
    <ClCompile Include="stdafx.cpp">
      <Filter>소스 파일</Filter>
    </ClCompile>
    <ClCompile Include="Log.cpp">
      <Filter>Log</Filter>
    </ClCompile>
    <ClCompile Include="DarkIocp.cpp">
      <Filter>DarkTools</Filter>
    </ClCompile>
  </ItemGroup>
  <ItemGroup>
    <ClInclude Include="Functions.h">
      <Filter>헤더 파일</Filter>
    </ClInclude>
    <ClInclude Include="GetCallFrom.h">
      <Filter>헤더 파일</Filter>
    </ClInclude>
    <ClInclude Include="Hooks.h">
      <Filter>헤더 파일</Filter>
    </ClInclude>
    <ClInclude Include="sockdef.h">
      <Filter>헤더 파일</Filter>
    </ClInclude>
    <ClInclude Include="sockhook.h">
      <Filter>헤더 파일</Filter>
    </ClInclude>
    <ClInclude Include="stdafx.h">
      <Filter>헤더 파일</Filter>
    </ClInclude>
    <ClInclude Include="Log.h">
      <Filter>Log</Filter>
    </ClInclude>
    <ClInclude Include="DarkIocp.h">
      <Filter>DarkTools</Filter>
    </ClInclude>
    <ClInclude Include="DarkLock.h">
      <Filter>DarkTools</Filter>
    </ClInclude>
    <ClInclude Include="DarkObjPool.h">
      <Filter>DarkTools</Filter>
    </ClInclude>
    <ClInclude Include="DarkPrint.h">
      <Filter>DarkTools</Filter>
    </ClInclude>
  </ItemGroup>
  <ItemGroup>
    <None Include="ReadMe.txt" />
  </ItemGroup>
</Project>